// !$*UTF8*$!
{
	archiveVersion = 1;
	classes = {
	};
	objectVersion = 56;
	objects = {

/* Begin PBXBuildFile section */
		A1000001000000000000001A /* HeimkehrApp.swift in Sources */ = {isa = PBXBuildFile; fileRef = A1000001000000000000000A /* HeimkehrApp.swift */; };
		A1000001000000000000001B /* AppDelegate.swift in Sources */ = {isa = PBXBuildFile; fileRef = A1000001000000000000000B /* AppDelegate.swift */; };
		A1000001000000000000001C /* WindowManager.swift in Sources */ = {isa = PBXBuildFile; fileRef = A1000001000000000000000C /* WindowManager.swift */; };
		A1000001000000000000001D /* Assets.xcassets in Resources */ = {isa = PBXBuildFile; fileRef = A1000001000000000000000D /* Assets.xcassets */; };
		A10000010000000000000022 /* LaunchAtLogin.swift in Sources */ = {isa = PBXBuildFile; fileRef = A10000010000000000000020 /* LaunchAtLogin.swift */; };
		A10000010000000000000041 /* Localizable.strings in Resources */ = {isa = PBXBuildFile; fileRef = A10000010000000000000040 /* Localizable.strings */; };
		A10000010000000000000061 /* InfoPlist.strings in Resources */ = {isa = PBXBuildFile; fileRef = A10000010000000000000060 /* InfoPlist.strings */; };
/* End PBXBuildFile section */

/* Begin PBXFileReference section */
		A10000010000000000000001 /* Heimkehr.app */ = {isa = PBXFileReference; explicitFileType = wrapper.application; includeInIndex = 0; path = Heimkehr.app; sourceTree = BUILT_PRODUCTS_DIR; };
		A1000001000000000000000A /* HeimkehrApp.swift */ = {isa = PBXFileReference; lastKnownFileType = sourcecode.swift; path = HeimkehrApp.swift; sourceTree = "<group>"; };
		A1000001000000000000000B /* AppDelegate.swift */ = {isa = PBXFileReference; lastKnownFileType = sourcecode.swift; path = AppDelegate.swift; sourceTree = "<group>"; };
		A1000001000000000000000C /* WindowManager.swift */ = {isa = PBXFileReference; lastKnownFileType = sourcecode.swift; path = WindowManager.swift; sourceTree = "<group>"; };
		A1000001000000000000000D /* Assets.xcassets */ = {isa = PBXFileReference; lastKnownFileType = folder.assetcatalog; path = Assets.xcassets; sourceTree = "<group>"; };
		A1000001000000000000000E /* Info.plist */ = {isa = PBXFileReference; lastKnownFileType = text.plist.xml; path = Info.plist; sourceTree = "<group>"; };
		A1000001000000000000000F /* Heimkehr.entitlements */ = {isa = PBXFileReference; lastKnownFileType = text.plist.entitlements; path = Heimkehr.entitlements; sourceTree = "<group>"; };
		A10000010000000000000020 /* LaunchAtLogin.swift */ = {isa = PBXFileReference; lastKnownFileType = sourcecode.swift; path = LaunchAtLogin.swift; sourceTree = "<group>"; };
		A10000010000000000000030 /* en */ = {isa = PBXFileReference; lastKnownFileType = text.plist.strings; name = en; path = en.lproj/Localizable.strings; sourceTree = "<group>"; };
		A10000010000000000000031 /* de */ = {isa = PBXFileReference; lastKnownFileType = text.plist.strings; name = de; path = de.lproj/Localizable.strings; sourceTree = "<group>"; };
		A10000010000000000000032 /* nl */ = {isa = PBXFileReference; lastKnownFileType = text.plist.strings; name = nl; path = nl.lproj/Localizable.strings; sourceTree = "<group>"; };
		A10000010000000000000050 /* en */ = {isa = PBXFileReference; lastKnownFileType = text.plist.strings; name = en; path = en.lproj/InfoPlist.strings; sourceTree = "<group>"; };
		A10000010000000000000051 /* de */ = {isa = PBXFileReference; lastKnownFileType = text.plist.strings; name = de; path = de.lproj/InfoPlist.strings; sourceTree = "<group>"; };
		A10000010000000000000052 /* nl */ = {isa = PBXFileReference; lastKnownFileType = text.plist.strings; name = nl; path = nl.lproj/InfoPlist.strings; sourceTree = "<group>"; };
/* End PBXFileReference section */

/* Begin PBXVariantGroup section */
		A10000010000000000000040 /* Localizable.strings */ = {
			isa = PBXVariantGroup;
			children = (
				A10000010000000000000030 /* en */,
				A10000010000000000000031 /* de */,
				A10000010000000000000032 /* nl */,
			);
			name = Localizable.strings;
			sourceTree = "<group>";
		};
		A10000010000000000000060 /* InfoPlist.strings */ = {
			isa = PBXVariantGroup;
			children = (
				A10000010000000000000050 /* en */,
				A10000010000000000000051 /* de */,
				A10000010000000000000052 /* nl */,
			);
			name = InfoPlist.strings;
			sourceTree = "<group>";
		};
/* End PBXVariantGroup section */

/* Begin PBXFrameworksBuildPhase section */
		A10000010000000000000002 /* Frameworks */ = {
			isa = PBXFrameworksBuildPhase;
			buildActionMask = 2147483647;
			files = (
			);
			runOnlyForDeploymentPostprocessing = 0;
		};
/* End PBXFrameworksBuildPhase section */

/* Begin PBXGroup section */
		A10000010000000000000003 = {
			isa = PBXGroup;
			children = (
				A10000010000000000000005 /* Heimkehr */,
				A10000010000000000000004 /* Products */,
			);
			sourceTree = "<group>";
		};
		A10000010000000000000004 /* Products */ = {
			isa = PBXGroup;
			children = (
				A10000010000000000000001 /* Heimkehr.app */,
			);
			name = Products;
			sourceTree = "<group>";
		};
		A10000010000000000000005 /* Heimkehr */ = {
			isa = PBXGroup;
			children = (
				A1000001000000000000000A /* HeimkehrApp.swift */,
				A1000001000000000000000B /* AppDelegate.swift */,
				A1000001000000000000000C /* WindowManager.swift */,
				A10000010000000000000020 /* LaunchAtLogin.swift */,
				A10000010000000000000040 /* Localizable.strings */,
				A10000010000000000000060 /* InfoPlist.strings */,
				A1000001000000000000000D /* Assets.xcassets */,
				A1000001000000000000000E /* Info.plist */,
				A1000001000000000000000F /* Heimkehr.entitlements */,
			);
			path = Heimkehr;
			sourceTree = "<group>";
		};
/* End PBXGroup section */

/* Begin PBXNativeTarget section */
		A10000010000000000000006 /* Heimkehr */ = {
			isa = PBXNativeTarget;
			buildConfigurationList = A10000010000000000000015 /* Build configuration list for PBXNativeTarget "Heimkehr" */;
			buildPhases = (
				A10000010000000000000007 /* Sources */,
				A10000010000000000000002 /* Frameworks */,
				A10000010000000000000008 /* Resources */,
			);
			buildRules = (
			);
			dependencies = (
			);
			name = Heimkehr;
			productName = Heimkehr;
			productReference = A10000010000000000000001 /* Heimkehr.app */;
			productType = "com.apple.product-type.application";
		};
/* End PBXNativeTarget section */

/* Begin PBXProject section */
		A10000010000000000000009 /* Project object */ = {
			isa = PBXProject;
			attributes = {
				BuildIndependentTargetsInParallel = 1;
				LastSwiftUpdateCheck = 1500;
				LastUpgradeCheck = 1500;
				TargetAttributes = {
					A10000010000000000000006 = {
						CreatedOnToolsVersion = 15.0;
					};
				};
			};
			buildConfigurationList = A10000010000000000000012 /* Build configuration list for PBXProject "Heimkehr" */;
			compatibilityVersion = "Xcode 14.0";
			developmentRegion = en;
			hasScannedForEncodings = 0;
			knownRegions = (
				en,
				Base,
				de,
				nl,
			);
			mainGroup = A10000010000000000000003;
			productRefGroup = A10000010000000000000004 /* Products */;
			projectDirPath = "";
			projectRoot = "";
			targets = (
				A10000010000000000000006 /* Heimkehr */,
			);
		};
/* End PBXProject section */

/* Begin PBXResourcesBuildPhase section */
		A10000010000000000000008 /* Resources */ = {
			isa = PBXResourcesBuildPhase;
			buildActionMask = 2147483647;
			files = (
				A1000001000000000000001D /* Assets.xcassets in Resources */,
				A10000010000000000000041 /* Localizable.strings in Resources */,
				A10000010000000000000061 /* InfoPlist.strings in Resources */,
			);
			runOnlyForDeploymentPostprocessing = 0;
		};
/* End PBXResourcesBuildPhase section */

/* Begin PBXSourcesBuildPhase section */
		A10000010000000000000007 /* Sources */ = {
			isa = PBXSourcesBuildPhase;
			buildActionMask = 2147483647;
			files = (
				A1000001000000000000001A /* HeimkehrApp.swift in Sources */,
				A1000001000000000000001B /* AppDelegate.swift in Sources */,
				A1000001000000000000001C /* WindowManager.swift in Sources */,
				A10000010000000000000022 /* LaunchAtLogin.swift in Sources */,
			);
			runOnlyForDeploymentPostprocessing = 0;
		};
/* End PBXSourcesBuildPhase section */

/* Begin XCBuildConfiguration section */
		A10000010000000000000013 /* Debug */ = {
			isa = XCBuildConfiguration;
			buildSettings = {
				ALWAYS_SEARCH_USER_PATHS = NO;
				CLANG_ANALYZER_NONNULL = YES;
				CLANG_ANALYZER_NUMBER_OBJECT_CONVERSION = YES_AGGRESSIVE;
				CLANG_CXX_LANGUAGE_STANDARD = "gnu++20";
				CLANG_ENABLE_MODULES = YES;
				CLANG_ENABLE_OBJC_ARC = YES;
				CLANG_ENABLE_OBJC_WEAK = YES;
				COPY_PHASE_STRIP = NO;
				DEBUG_INFORMATION_FORMAT = dwarf;
				ENABLE_STRICT_OBJC_MSGSEND = YES;
				ENABLE_TESTABILITY = YES;
				GCC_C_LANGUAGE_STANDARD = gnu17;
				GCC_DYNAMIC_NO_PIC = NO;
				GCC_NO_COMMON_BLOCKS = YES;
				GCC_OPTIMIZATION_LEVEL = 0;
				GCC_PREPROCESSOR_DEFINITIONS = (
					"DEBUG=1",
					"$(inherited)",
				);
				MACOSX_DEPLOYMENT_TARGET = 13.0;
				ONLY_ACTIVE_ARCH = YES;
				SDKROOT = macosx;
				SWIFT_ACTIVE_COMPILATION_CONDITIONS = DEBUG;
				SWIFT_OPTIMIZATION_LEVEL = "-Onone";
			};
			name = Debug;
		};
		A10000010000000000000014 /* Release */ = {
			isa = XCBuildConfiguration;
			buildSettings = {
				ALWAYS_SEARCH_USER_PATHS = NO;
				CLANG_ANALYZER_NONNULL = YES;
				CLANG_ANALYZER_NUMBER_OBJECT_CONVERSION = YES_AGGRESSIVE;
				CLANG_CXX_LANGUAGE_STANDARD = "gnu++20";
				CLANG_ENABLE_MODULES = YES;
				CLANG_ENABLE_OBJC_ARC = YES;
				CLANG_ENABLE_OBJC_WEAK = YES;
				COPY_PHASE_STRIP = NO;
				DEBUG_INFORMATION_FORMAT = "dwarf-with-dsym";
				ENABLE_NS_ASSERTIONS = NO;
				ENABLE_STRICT_OBJC_MSGSEND = YES;
				GCC_C_LANGUAGE_STANDARD = gnu17;
				GCC_NO_COMMON_BLOCKS = YES;
				MACOSX_DEPLOYMENT_TARGET = 13.0;
				SDKROOT = macosx;
				SWIFT_COMPILATION_MODE = wholemodule;
			};
			name = Release;
		};
		A10000010000000000000016 /* Debug */ = {
			isa = XCBuildConfiguration;
			buildSettings = {
				ASSETCATALOG_COMPILER_APPICON_NAME = AppIcon;
				ASSETCATALOG_COMPILER_GLOBAL_ACCENT_COLOR_NAME = AccentColor;
				CODE_SIGN_ENTITLEMENTS = Heimkehr/Heimkehr.entitlements;
				CODE_SIGN_STYLE = Automatic;
				COMBINE_HIDPI_IMAGES = YES;
				CURRENT_PROJECT_VERSION = 1;
				ENABLE_HARDENED_RUNTIME = YES;
				GENERATE_INFOPLIST_FILE = NO;
				INFOPLIST_FILE = Heimkehr/Info.plist;
				INFOPLIST_KEY_NSHumanReadableCopyright = "";
				LD_RUNPATH_SEARCH_PATHS = (
					"$(inherited)",
					"@executable_path/../Frameworks",
				);
				MARKETING_VERSION = 1.0.0;
				PRODUCT_BUNDLE_IDENTIFIER = de.local.heimkehr;
				PRODUCT_NAME = "$(TARGET_NAME)";
				SWIFT_EMIT_LOC_STRINGS = YES;
				SWIFT_VERSION = 5.0;
			};
			name = Debug;
		};
		A10000010000000000000017 /* Release */ = {
			isa = XCBuildConfiguration;
			buildSettings = {
				ASSETCATALOG_COMPILER_APPICON_NAME = AppIcon;
				ASSETCATALOG_COMPILER_GLOBAL_ACCENT_COLOR_NAME = AccentColor;
				CODE_SIGN_ENTITLEMENTS = Heimkehr/Heimkehr.entitlements;
				CODE_SIGN_STYLE = Automatic;
				COMBINE_HIDPI_IMAGES = YES;
				CURRENT_PROJECT_VERSION = 1;
				ENABLE_HARDENED_RUNTIME = YES;
				GENERATE_INFOPLIST_FILE = NO;
				INFOPLIST_FILE = Heimkehr/Info.plist;
				INFOPLIST_KEY_NSHumanReadableCopyright = "";
				LD_RUNPATH_SEARCH_PATHS = (
					"$(inherited)",
					"@executable_path/../Frameworks",
				);
				MARKETING_VERSION = 1.0.0;
				PRODUCT_BUNDLE_IDENTIFIER = de.local.heimkehr;
				PRODUCT_NAME = "$(TARGET_NAME)";
				SWIFT_EMIT_LOC_STRINGS = YES;
				SWIFT_VERSION = 5.0;
			};
			name = Release;
		};
/* End XCBuildConfiguration section */

/* Begin XCConfigurationList section */
		A10000010000000000000012 /* Build configuration list for PBXProject "Heimkehr" */ = {
			isa = XCConfigurationList;
			buildConfigurations = (
				A10000010000000000000013 /* Debug */,
				A10000010000000000000014 /* Release */,
			);
			defaultConfigurationIsVisible = 0;
			defaultConfigurationName = Release;
		};
		A10000010000000000000015 /* Build configuration list for PBXNativeTarget "Heimkehr" */ = {
			isa = XCConfigurationList;
			buildConfigurations = (
				A10000010000000000000016 /* Debug */,
				A10000010000000000000017 /* Release */,
			);
			defaultConfigurationIsVisible = 0;
			defaultConfigurationName = Release;
		};
/* End XCConfigurationList section */
	};
	rootObject = A10000010000000000000009 /* Project object */;
}
